
Microsoft Visual Studio Solution File, Format Version 12.00
# Visual Studio Version 17
VisualStudioVersion = 17.4.33205.214
MinimumVisualStudioVersion = 10.0.40219.1
Project("{9A19103F-16F7-4668-BE54-9A1E7A4F7556}") = "Lab3", "Lab3\Lab3.csproj", "{794900CE-0E65-4873-9A89-1144B29BE171}"
EndProject
Project("{9A19103F-16F7-4668-BE54-9A1E7A4F7556}") = "Lab5", "Lab5\Lab5.csproj", "{F6B63F3B-08E9-4B84-9248-5197893489BE}"
EndProject
Project("{9A19103F-16F7-4668-BE54-9A1E7A4F7556}") = "Lab6", "InheritanceLab\Lab6.csproj", "{5A6B99E9-140F-4E44-9C0A-5EFA0C40A391}"
EndProject
Project("{9A19103F-16F7-4668-BE54-9A1E7A4F7556}") = "Lab8", "GenericsLab\Lab8.csproj", "{D6628AAA-99C2-4FBA-B78F-40B344FBD081}"
EndProject
Project("{FAE04EC0-301F-11D3-BF4B-00C04F79EFBC}") = "Lab7", "Lab7\Lab7.csproj", "{E96592C0-13F9-4504-8A58-A532AAE5434F}"
EndProject
Global
	GlobalSection(SolutionConfigurationPlatforms) = preSolution
		Debug|Any CPU = Debug|Any CPU
		Release|Any CPU = Release|Any CPU
	EndGlobalSection
	GlobalSection(ProjectConfigurationPlatforms) = postSolution
		{794900CE-0E65-4873-9A89-1144B29BE171}.Debug|Any CPU.ActiveCfg = Debug|Any CPU
		{794900CE-0E65-4873-9A89-1144B29BE171}.Debug|Any CPU.Build.0 = Debug|Any CPU
		{794900CE-0E65-4873-9A89-1144B29BE171}.Release|Any CPU.ActiveCfg = Release|Any CPU
		{794900CE-0E65-4873-9A89-1144B29BE171}.Release|Any CPU.Build.0 = Release|Any CPU
		{F6B63F3B-08E9-4B84-9248-5197893489BE}.Debug|Any CPU.ActiveCfg = Debug|Any CPU
		{F6B63F3B-08E9-4B84-9248-5197893489BE}.Debug|Any CPU.Build.0 = Debug|Any CPU
		{F6B63F3B-08E9-4B84-9248-5197893489BE}.Release|Any CPU.ActiveCfg = Release|Any CPU
		{F6B63F3B-08E9-4B84-9248-5197893489BE}.Release|Any CPU.Build.0 = Release|Any CPU
		{5A6B99E9-140F-4E44-9C0A-5EFA0C40A391}.Debug|Any CPU.ActiveCfg = Debug|Any CPU
		{5A6B99E9-140F-4E44-9C0A-5EFA0C40A391}.Debug|Any CPU.Build.0 = Debug|Any CPU
		{5A6B99E9-140F-4E44-9C0A-5EFA0C40A391}.Release|Any CPU.ActiveCfg = Release|Any CPU
		{5A6B99E9-140F-4E44-9C0A-5EFA0C40A391}.Release|Any CPU.Build.0 = Release|Any CPU
		{D6628AAA-99C2-4FBA-B78F-40B344FBD081}.Debug|Any CPU.ActiveCfg = Debug|Any CPU
		{D6628AAA-99C2-4FBA-B78F-40B344FBD081}.Debug|Any CPU.Build.0 = Debug|Any CPU
		{D6628AAA-99C2-4FBA-B78F-40B344FBD081}.Release|Any CPU.ActiveCfg = Release|Any CPU
		{D6628AAA-99C2-4FBA-B78F-40B344FBD081}.Release|Any CPU.Build.0 = Release|Any CPU
		{E96592C0-13F9-4504-8A58-A532AAE5434F}.Debug|Any CPU.ActiveCfg = Debug|Any CPU
		{E96592C0-13F9-4504-8A58-A532AAE5434F}.Debug|Any CPU.Build.0 = Debug|Any CPU
		{E96592C0-13F9-4504-8A58-A532AAE5434F}.Release|Any CPU.ActiveCfg = Release|Any CPU
		{E96592C0-13F9-4504-8A58-A532AAE5434F}.Release|Any CPU.Build.0 = Release|Any CPU
	EndGlobalSection
	GlobalSection(SolutionProperties) = preSolution
		HideSolutionNode = FALSE
	EndGlobalSection
	GlobalSection(ExtensibilityGlobals) = postSolution
		SolutionGuid = {332E0E30-5211-4BDD-8677-F6B34213B413}
	EndGlobalSection
EndGlobal
